
Microsoft Visual Studio Solution File, Format Version 12.00
# Visual Studio 14
VisualStudioVersion = 14.0.25420.1
MinimumVisualStudioVersion = 10.0.40219.1
Project("{FAE04EC0-301F-11D3-BF4B-00C04F79EFBC}") = "DTOGeneratorLibrary", "DTOGeneratorLibrary\DTOGeneratorLibrary.csproj", "{99186EB5-796D-41DD-A06E-E099BED5789F}"
EndProject
Project("{FAE04EC0-301F-11D3-BF4B-00C04F79EFBC}") = "DTOFromJsonGenerator", "DTOFromJsonGenerator\DTOFromJsonGenerator.csproj", "{52A76123-0434-4CB0-BEAC-41547BDD9EFE}"
EndProject
Global
	GlobalSection(SolutionConfigurationPlatforms) = preSolution
		Debug|Any CPU = Debug|Any CPU
		Release|Any CPU = Release|Any CPU
	EndGlobalSection
	GlobalSection(ProjectConfigurationPlatforms) = postSolution
		{99186EB5-796D-41DD-A06E-E099BED5789F}.Debug|Any CPU.ActiveCfg = Debug|Any CPU
		{99186EB5-796D-41DD-A06E-E099BED5789F}.Debug|Any CPU.Build.0 = Debug|Any CPU
		{99186EB5-796D-41DD-A06E-E099BED5789F}.Release|Any CPU.ActiveCfg = Release|Any CPU
		{99186EB5-796D-41DD-A06E-E099BED5789F}.Release|Any CPU.Build.0 = Release|Any CPU
		{52A76123-0434-4CB0-BEAC-41547BDD9EFE}.Debug|Any CPU.ActiveCfg = Debug|Any CPU
		{52A76123-0434-4CB0-BEAC-41547BDD9EFE}.Debug|Any CPU.Build.0 = Debug|Any CPU
		{52A76123-0434-4CB0-BEAC-41547BDD9EFE}.Release|Any CPU.ActiveCfg = Release|Any CPU
		{52A76123-0434-4CB0-BEAC-41547BDD9EFE}.Release|Any CPU.Build.0 = Release|Any CPU
	EndGlobalSection
	GlobalSection(SolutionProperties) = preSolution
		HideSolutionNode = FALSE
	EndGlobalSection
EndGlobal
