
Microsoft Visual Studio Solution File, Format Version 12.00
# Visual Studio 14
VisualStudioVersion = 14.0.23107.0
MinimumVisualStudioVersion = 10.0.40219.1
Project("{FAE04EC0-301F-11D3-BF4B-00C04F79EFBC}") = "DTOGenerator", "DTOGenerator\DTOGenerator.csproj", "{FC0284F2-A1CC-42E2-B850-C2ECBEDE9476}"
EndProject
Project("{FAE04EC0-301F-11D3-BF4B-00C04F79EFBC}") = "JSONAnalyzer", "JSONAnalyzer\JSONAnalyzer.csproj", "{549351A1-AB61-4299-BD9F-51A324089B53}"
EndProject
Global
	GlobalSection(SolutionConfigurationPlatforms) = preSolution
		Debug|Any CPU = Debug|Any CPU
		Release|Any CPU = Release|Any CPU
	EndGlobalSection
	GlobalSection(ProjectConfigurationPlatforms) = postSolution
		{FC0284F2-A1CC-42E2-B850-C2ECBEDE9476}.Debug|Any CPU.ActiveCfg = Debug|Any CPU
		{FC0284F2-A1CC-42E2-B850-C2ECBEDE9476}.Debug|Any CPU.Build.0 = Debug|Any CPU
		{FC0284F2-A1CC-42E2-B850-C2ECBEDE9476}.Release|Any CPU.ActiveCfg = Release|Any CPU
		{FC0284F2-A1CC-42E2-B850-C2ECBEDE9476}.Release|Any CPU.Build.0 = Release|Any CPU
		{549351A1-AB61-4299-BD9F-51A324089B53}.Debug|Any CPU.ActiveCfg = Debug|Any CPU
		{549351A1-AB61-4299-BD9F-51A324089B53}.Debug|Any CPU.Build.0 = Debug|Any CPU
		{549351A1-AB61-4299-BD9F-51A324089B53}.Release|Any CPU.ActiveCfg = Release|Any CPU
		{549351A1-AB61-4299-BD9F-51A324089B53}.Release|Any CPU.Build.0 = Release|Any CPU
	EndGlobalSection
	GlobalSection(SolutionProperties) = preSolution
		HideSolutionNode = FALSE
	EndGlobalSection
EndGlobal
