
Microsoft Visual Studio Solution File, Format Version 12.00
# Visual Studio 14
VisualStudioVersion = 14.0.25420.1
MinimumVisualStudioVersion = 10.0.40219.1
Project("{FAE04EC0-301F-11D3-BF4B-00C04F79EFBC}") = "DtoGenerator", "DtoGenerator\DtoGenerator.csproj", "{8C8C3F42-3705-4980-9165-B4B784910FF4}"
EndProject
Project("{FAE04EC0-301F-11D3-BF4B-00C04F79EFBC}") = "DtoGenerator.Generator", "DtoGenerator.Generator\DtoGenerator.Generator.csproj", "{E400E0BF-DBB2-4AC2-BE1D-C6A98330BF8A}"
EndProject
Project("{2150E333-8FDC-42A3-9474-1A3956D46DE8}") = "Plugins", "Plugins", "{DCA1AE06-4E6F-45E4-B789-CBBA8F2E39CB}"
EndProject
Project("{2150E333-8FDC-42A3-9474-1A3956D46DE8}") = "Generator", "Generator", "{F69D4478-3306-48B4-AB09-00C08CC695F7}"
EndProject
Global
	GlobalSection(SolutionConfigurationPlatforms) = preSolution
		Debug|Any CPU = Debug|Any CPU
		Release|Any CPU = Release|Any CPU
	EndGlobalSection
	GlobalSection(ProjectConfigurationPlatforms) = postSolution
		{8C8C3F42-3705-4980-9165-B4B784910FF4}.Debug|Any CPU.ActiveCfg = Debug|Any CPU
		{8C8C3F42-3705-4980-9165-B4B784910FF4}.Debug|Any CPU.Build.0 = Debug|Any CPU
		{8C8C3F42-3705-4980-9165-B4B784910FF4}.Release|Any CPU.ActiveCfg = Release|Any CPU
		{8C8C3F42-3705-4980-9165-B4B784910FF4}.Release|Any CPU.Build.0 = Release|Any CPU
		{E400E0BF-DBB2-4AC2-BE1D-C6A98330BF8A}.Debug|Any CPU.ActiveCfg = Debug|Any CPU
		{E400E0BF-DBB2-4AC2-BE1D-C6A98330BF8A}.Debug|Any CPU.Build.0 = Debug|Any CPU
		{E400E0BF-DBB2-4AC2-BE1D-C6A98330BF8A}.Release|Any CPU.ActiveCfg = Release|Any CPU
		{E400E0BF-DBB2-4AC2-BE1D-C6A98330BF8A}.Release|Any CPU.Build.0 = Release|Any CPU
	EndGlobalSection
	GlobalSection(SolutionProperties) = preSolution
		HideSolutionNode = FALSE
	EndGlobalSection
	GlobalSection(NestedProjects) = preSolution
		{E400E0BF-DBB2-4AC2-BE1D-C6A98330BF8A} = {F69D4478-3306-48B4-AB09-00C08CC695F7}
	EndGlobalSection
EndGlobal
